
Microsoft Visual Studio Solution File, Format Version 12.00
# Visual Studio Version 17
VisualStudioVersion = 17.1.32210.238
MinimumVisualStudioVersion = 10.0.40219.1
Project("{9A19103F-16F7-4668-BE54-9A1E7A4F7556}") = "KataBowlingService", "KataBowlingService\KataBowlingService.csproj", "{785E7825-6D4A-46FE-8138-F2FDDA3561A6}"
EndProject
Project("{9A19103F-16F7-4668-BE54-9A1E7A4F7556}") = "KataBowlingService.Tests", "KataBowlingService.Tests\KataBowlingService.Tests.csproj", "{3FBA4AA0-169A-45EA-93E1-DBD87B942788}"
EndProject
Global
	GlobalSection(SolutionConfigurationPlatforms) = preSolution
		Debug|Any CPU = Debug|Any CPU
		Release|Any CPU = Release|Any CPU
	EndGlobalSection
	GlobalSection(ProjectConfigurationPlatforms) = postSolution
		{785E7825-6D4A-46FE-8138-F2FDDA3561A6}.Debug|Any CPU.ActiveCfg = Debug|Any CPU
		{785E7825-6D4A-46FE-8138-F2FDDA3561A6}.Debug|Any CPU.Build.0 = Debug|Any CPU
		{785E7825-6D4A-46FE-8138-F2FDDA3561A6}.Release|Any CPU.ActiveCfg = Release|Any CPU
		{785E7825-6D4A-46FE-8138-F2FDDA3561A6}.Release|Any CPU.Build.0 = Release|Any CPU
		{3FBA4AA0-169A-45EA-93E1-DBD87B942788}.Debug|Any CPU.ActiveCfg = Debug|Any CPU
		{3FBA4AA0-169A-45EA-93E1-DBD87B942788}.Debug|Any CPU.Build.0 = Debug|Any CPU
		{3FBA4AA0-169A-45EA-93E1-DBD87B942788}.Release|Any CPU.ActiveCfg = Release|Any CPU
		{3FBA4AA0-169A-45EA-93E1-DBD87B942788}.Release|Any CPU.Build.0 = Release|Any CPU
	EndGlobalSection
	GlobalSection(SolutionProperties) = preSolution
		HideSolutionNode = FALSE
	EndGlobalSection
	GlobalSection(ExtensibilityGlobals) = postSolution
		SolutionGuid = {1E7D177F-E330-4619-ADF9-0B4EB6070444}
	EndGlobalSection
EndGlobal
